
Microsoft Visual Studio Solution File, Format Version 12.00
# Visual Studio Version 17
VisualStudioVersion = 17.4.33110.190
MinimumVisualStudioVersion = 10.0.40219.1
Project("{FAE04EC0-301F-11D3-BF4B-00C04F79EFBC}") = "kerbfunds", "kerbfunds\kerbfunds.csproj", "{D321F2A6-2EA8-4088-A26C-163B4B732763}"
EndProject
Global
	GlobalSection(SolutionConfigurationPlatforms) = preSolution
		Debug|Any CPU = Debug|Any CPU
		Debug|ARM64 = Debug|ARM64
		Release|Any CPU = Release|Any CPU
		Release|ARM64 = Release|ARM64
	EndGlobalSection
	GlobalSection(ProjectConfigurationPlatforms) = postSolution
		{D321F2A6-2EA8-4088-A26C-163B4B732763}.Debug|Any CPU.ActiveCfg = Debug|Any CPU
		{D321F2A6-2EA8-4088-A26C-163B4B732763}.Debug|Any CPU.Build.0 = Debug|Any CPU
		{D321F2A6-2EA8-4088-A26C-163B4B732763}.Debug|ARM64.ActiveCfg = Debug|ARM64
		{D321F2A6-2EA8-4088-A26C-163B4B732763}.Debug|ARM64.Build.0 = Debug|ARM64
		{D321F2A6-2EA8-4088-A26C-163B4B732763}.Release|Any CPU.ActiveCfg = Release|Any CPU
		{D321F2A6-2EA8-4088-A26C-163B4B732763}.Release|Any CPU.Build.0 = Release|Any CPU
		{D321F2A6-2EA8-4088-A26C-163B4B732763}.Release|ARM64.ActiveCfg = Release|ARM64
		{D321F2A6-2EA8-4088-A26C-163B4B732763}.Release|ARM64.Build.0 = Release|ARM64
	EndGlobalSection
	GlobalSection(SolutionProperties) = preSolution
		HideSolutionNode = FALSE
	EndGlobalSection
	GlobalSection(ExtensibilityGlobals) = postSolution
		SolutionGuid = {694924B4-4038-4291-AAFC-D8A08322957B}
	EndGlobalSection
EndGlobal
